
Microsoft Visual Studio Solution File, Format Version 12.00
# Visual Studio Version 17
VisualStudioVersion = 17.5.33502.453
MinimumVisualStudioVersion = 10.0.40219.1
Project("{9A19103F-16F7-4668-BE54-9A1E7A4F7556}") = "BankTradingService", "BankTradingService\BankTradingService.csproj", "{3B00D601-C5B8-48E4-A28C-62D63AA5084F}"
EndProject
Project("{9A19103F-16F7-4668-BE54-9A1E7A4F7556}") = "BankTradingService.Consumer", "BankTradingService.Consumer\BankTradingService.Consumer.csproj", "{8AA2429D-8D5D-45AF-ACC4-7F7447629BED}"
EndProject
Project("{9A19103F-16F7-4668-BE54-9A1E7A4F7556}") = "BankTradingService.Test", "BankTradingService.Test\BankTradingService.Test.csproj", "{8E312462-8212-491E-A5FA-DFA2E97E62D1}"
EndProject
Project("{E53339B2-1760-4266-BCC7-CA923CBCF16C}") = "docker-compose", "docker-compose.dcproj", "{DBE84AAD-9082-41F2-9E68-ED7CB388093B}"
EndProject
Global
	GlobalSection(SolutionConfigurationPlatforms) = preSolution
		Debug|Any CPU = Debug|Any CPU
		Release|Any CPU = Release|Any CPU
	EndGlobalSection
	GlobalSection(ProjectConfigurationPlatforms) = postSolution
		{3B00D601-C5B8-48E4-A28C-62D63AA5084F}.Debug|Any CPU.ActiveCfg = Debug|Any CPU
		{3B00D601-C5B8-48E4-A28C-62D63AA5084F}.Debug|Any CPU.Build.0 = Debug|Any CPU
		{3B00D601-C5B8-48E4-A28C-62D63AA5084F}.Release|Any CPU.ActiveCfg = Release|Any CPU
		{3B00D601-C5B8-48E4-A28C-62D63AA5084F}.Release|Any CPU.Build.0 = Release|Any CPU
		{8AA2429D-8D5D-45AF-ACC4-7F7447629BED}.Debug|Any CPU.ActiveCfg = Debug|Any CPU
		{8AA2429D-8D5D-45AF-ACC4-7F7447629BED}.Debug|Any CPU.Build.0 = Debug|Any CPU
		{8AA2429D-8D5D-45AF-ACC4-7F7447629BED}.Release|Any CPU.ActiveCfg = Release|Any CPU
		{8AA2429D-8D5D-45AF-ACC4-7F7447629BED}.Release|Any CPU.Build.0 = Release|Any CPU
		{8E312462-8212-491E-A5FA-DFA2E97E62D1}.Debug|Any CPU.ActiveCfg = Debug|Any CPU
		{8E312462-8212-491E-A5FA-DFA2E97E62D1}.Debug|Any CPU.Build.0 = Debug|Any CPU
		{8E312462-8212-491E-A5FA-DFA2E97E62D1}.Release|Any CPU.ActiveCfg = Release|Any CPU
		{8E312462-8212-491E-A5FA-DFA2E97E62D1}.Release|Any CPU.Build.0 = Release|Any CPU
		{DBE84AAD-9082-41F2-9E68-ED7CB388093B}.Debug|Any CPU.ActiveCfg = Debug|Any CPU
		{DBE84AAD-9082-41F2-9E68-ED7CB388093B}.Debug|Any CPU.Build.0 = Debug|Any CPU
		{DBE84AAD-9082-41F2-9E68-ED7CB388093B}.Release|Any CPU.ActiveCfg = Release|Any CPU
		{DBE84AAD-9082-41F2-9E68-ED7CB388093B}.Release|Any CPU.Build.0 = Release|Any CPU
	EndGlobalSection
	GlobalSection(SolutionProperties) = preSolution
		HideSolutionNode = FALSE
	EndGlobalSection
	GlobalSection(ExtensibilityGlobals) = postSolution
		SolutionGuid = {4851C6E8-00C3-49F6-AA1E-3CA3040FDB3C}
	EndGlobalSection
EndGlobal
